
Microsoft Visual Studio Solution File, Format Version 12.00
# Visual Studio Version 17
VisualStudioVersion = 17.3.32922.545
MinimumVisualStudioVersion = 10.0.40219.1
Project("{FAE04EC0-301F-11D3-BF4B-00C04F79EFBC}") = "WebAPI", "WebAPI\WebAPI.csproj", "{889293F9-1A89-4ED5-8942-C5CDC0A4FE81}"
EndProject
Project("{FAE04EC0-301F-11D3-BF4B-00C04F79EFBC}") = "Entities", "Entities\Entities.csproj", "{37406AE3-BE1C-4AD9-A20E-7C58186C5619}"
EndProject
Project("{FAE04EC0-301F-11D3-BF4B-00C04F79EFBC}") = "DataAccess", "DataAccess\DataAccess.csproj", "{6E31F594-1725-4513-8B43-36C4E69F6B1C}"
EndProject
Project("{FAE04EC0-301F-11D3-BF4B-00C04F79EFBC}") = "Business", "Business\Business.csproj", "{229E38BF-24BC-4156-98B0-5D51F94791D3}"
EndProject
Project("{FAE04EC0-301F-11D3-BF4B-00C04F79EFBC}") = "Core", "Core\Core.csproj", "{A337D7C3-9225-4B46-8D95-2D464C00CE56}"
EndProject
Global
	GlobalSection(SolutionConfigurationPlatforms) = preSolution
		Debug|Any CPU = Debug|Any CPU
		Release|Any CPU = Release|Any CPU
	EndGlobalSection
	GlobalSection(ProjectConfigurationPlatforms) = postSolution
		{889293F9-1A89-4ED5-8942-C5CDC0A4FE81}.Debug|Any CPU.ActiveCfg = Debug|Any CPU
		{889293F9-1A89-4ED5-8942-C5CDC0A4FE81}.Debug|Any CPU.Build.0 = Debug|Any CPU
		{889293F9-1A89-4ED5-8942-C5CDC0A4FE81}.Release|Any CPU.ActiveCfg = Release|Any CPU
		{889293F9-1A89-4ED5-8942-C5CDC0A4FE81}.Release|Any CPU.Build.0 = Release|Any CPU
		{37406AE3-BE1C-4AD9-A20E-7C58186C5619}.Debug|Any CPU.ActiveCfg = Debug|Any CPU
		{37406AE3-BE1C-4AD9-A20E-7C58186C5619}.Debug|Any CPU.Build.0 = Debug|Any CPU
		{37406AE3-BE1C-4AD9-A20E-7C58186C5619}.Release|Any CPU.ActiveCfg = Release|Any CPU
		{37406AE3-BE1C-4AD9-A20E-7C58186C5619}.Release|Any CPU.Build.0 = Release|Any CPU
		{6E31F594-1725-4513-8B43-36C4E69F6B1C}.Debug|Any CPU.ActiveCfg = Debug|Any CPU
		{6E31F594-1725-4513-8B43-36C4E69F6B1C}.Debug|Any CPU.Build.0 = Debug|Any CPU
		{6E31F594-1725-4513-8B43-36C4E69F6B1C}.Release|Any CPU.ActiveCfg = Release|Any CPU
		{6E31F594-1725-4513-8B43-36C4E69F6B1C}.Release|Any CPU.Build.0 = Release|Any CPU
		{229E38BF-24BC-4156-98B0-5D51F94791D3}.Debug|Any CPU.ActiveCfg = Debug|Any CPU
		{229E38BF-24BC-4156-98B0-5D51F94791D3}.Debug|Any CPU.Build.0 = Debug|Any CPU
		{229E38BF-24BC-4156-98B0-5D51F94791D3}.Release|Any CPU.ActiveCfg = Release|Any CPU
		{229E38BF-24BC-4156-98B0-5D51F94791D3}.Release|Any CPU.Build.0 = Release|Any CPU
		{A337D7C3-9225-4B46-8D95-2D464C00CE56}.Debug|Any CPU.ActiveCfg = Debug|Any CPU
		{A337D7C3-9225-4B46-8D95-2D464C00CE56}.Debug|Any CPU.Build.0 = Debug|Any CPU
		{A337D7C3-9225-4B46-8D95-2D464C00CE56}.Release|Any CPU.ActiveCfg = Release|Any CPU
		{A337D7C3-9225-4B46-8D95-2D464C00CE56}.Release|Any CPU.Build.0 = Release|Any CPU
	EndGlobalSection
	GlobalSection(SolutionProperties) = preSolution
		HideSolutionNode = FALSE
	EndGlobalSection
	GlobalSection(ExtensibilityGlobals) = postSolution
		SolutionGuid = {9D2AD4D9-A5DE-450D-A4BC-F82B8E3168F8}
	EndGlobalSection
EndGlobal
